
Microsoft Visual Studio Solution File, Format Version 12.00
# Visual Studio Version 16
VisualStudioVersion = 16.0.31911.196
MinimumVisualStudioVersion = 10.0.40219.1
Project("{8BC9CEB8-8B4A-11D0-8D11-00A0C91BC942}") = "Project", "Project\Project.vcxproj", "{A5E160A1-25AD-4966-A15E-112EF189DBCA}"
EndProject
Global
	GlobalSection(SolutionConfigurationPlatforms) = preSolution
		Debug|x64 = Debug|x64
		Debug|x86 = Debug|x86
		Release|x64 = Release|x64
		Release|x86 = Release|x86
	EndGlobalSection
	GlobalSection(ProjectConfigurationPlatforms) = postSolution
		{A5E160A1-25AD-4966-A15E-112EF189DBCA}.Debug|x64.ActiveCfg = Debug|x64
		{A5E160A1-25AD-4966-A15E-112EF189DBCA}.Debug|x64.Build.0 = Debug|x64
		{A5E160A1-25AD-4966-A15E-112EF189DBCA}.Debug|x86.ActiveCfg = Debug|Win32
		{A5E160A1-25AD-4966-A15E-112EF189DBCA}.Debug|x86.Build.0 = Debug|Win32
		{A5E160A1-25AD-4966-A15E-112EF189DBCA}.Release|x64.ActiveCfg = Release|x64
		{A5E160A1-25AD-4966-A15E-112EF189DBCA}.Release|x64.Build.0 = Release|x64
		{A5E160A1-25AD-4966-A15E-112EF189DBCA}.Release|x86.ActiveCfg = Release|Win32
		{A5E160A1-25AD-4966-A15E-112EF189DBCA}.Release|x86.Build.0 = Release|Win32
	EndGlobalSection
	GlobalSection(SolutionProperties) = preSolution
		HideSolutionNode = FALSE
	EndGlobalSection
	GlobalSection(ExtensibilityGlobals) = postSolution
		SolutionGuid = {55B0CC51-8300-45A8-A821-A012497FE38A}
	EndGlobalSection
EndGlobal
